// !$*UTF8*$!
{
	archiveVersion = 1;
	classes = {
	};
	objectVersion = 55;
	objects = {

/* Begin PBXBuildFile section */
		84962A4C280FA3D100078B9B /* AppDelegate.m in Sources */ = {isa = PBXBuildFile; fileRef = 84962A4B280FA3D100078B9B /* AppDelegate.m */; };
		84962A4F280FA3D100078B9B /* SceneDelegate.m in Sources */ = {isa = PBXBuildFile; fileRef = 84962A4E280FA3D100078B9B /* SceneDelegate.m */; };
		84962A52280FA3D100078B9B /* ViewController.m in Sources */ = {isa = PBXBuildFile; fileRef = 84962A51280FA3D100078B9B /* ViewController.m */; };
		84962A55280FA3D100078B9B /* Main.storyboard in Resources */ = {isa = PBXBuildFile; fileRef = 84962A53280FA3D100078B9B /* Main.storyboard */; };
		84962A57280FA3D200078B9B /* Assets.xcassets in Resources */ = {isa = PBXBuildFile; fileRef = 84962A56280FA3D200078B9B /* Assets.xcassets */; };
		84962A5A280FA3D200078B9B /* LaunchScreen.storyboard in Resources */ = {isa = PBXBuildFile; fileRef = 84962A58280FA3D200078B9B /* LaunchScreen.storyboard */; };
		84962A5D280FA3D200078B9B /* main.m in Sources */ = {isa = PBXBuildFile; fileRef = 84962A5C280FA3D200078B9B /* main.m */; };
		84962A67280FA3D300078B9B /* JSDemoTests.m in Sources */ = {isa = PBXBuildFile; fileRef = 84962A66280FA3D300078B9B /* JSDemoTests.m */; };
		84962A71280FA3D300078B9B /* JSDemoUITests.m in Sources */ = {isa = PBXBuildFile; fileRef = 84962A70280FA3D300078B9B /* JSDemoUITests.m */; };
		84962A73280FA3D300078B9B /* JSDemoUITestsLaunchTests.m in Sources */ = {isa = PBXBuildFile; fileRef = 84962A72280FA3D300078B9B /* JSDemoUITestsLaunchTests.m */; };
		84962A89280FA7CC00078B9B /* js.html in Resources */ = {isa = PBXBuildFile; fileRef = 84962A88280FA7CC00078B9B /* js.html */; };
		84962A8C280FA86400078B9B /* XHWWebViewController.m in Sources */ = {isa = PBXBuildFile; fileRef = 84962A8B280FA86400078B9B /* XHWWebViewController.m */; };
		84962A8F280FA89100078B9B /* BNWeakScriptMessageHandlerDelegate.m in Sources */ = {isa = PBXBuildFile; fileRef = 84962A8D280FA89100078B9B /* BNWeakScriptMessageHandlerDelegate.m */; };
/* End PBXBuildFile section */

/* Begin PBXContainerItemProxy section */
		84962A63280FA3D300078B9B /* PBXContainerItemProxy */ = {
			isa = PBXContainerItemProxy;
			containerPortal = 84962A3F280FA3D100078B9B /* Project object */;
			proxyType = 1;
			remoteGlobalIDString = 84962A46280FA3D100078B9B;
			remoteInfo = JSDemo;
		};
		84962A6D280FA3D300078B9B /* PBXContainerItemProxy */ = {
			isa = PBXContainerItemProxy;
			containerPortal = 84962A3F280FA3D100078B9B /* Project object */;
			proxyType = 1;
			remoteGlobalIDString = 84962A46280FA3D100078B9B;
			remoteInfo = JSDemo;
		};
/* End PBXContainerItemProxy section */

/* Begin PBXFileReference section */
		84962A47280FA3D100078B9B /* JSDemo.app */ = {isa = PBXFileReference; explicitFileType = wrapper.application; includeInIndex = 0; path = JSDemo.app; sourceTree = BUILT_PRODUCTS_DIR; };
		84962A4A280FA3D100078B9B /* AppDelegate.h */ = {isa = PBXFileReference; lastKnownFileType = sourcecode.c.h; path = AppDelegate.h; sourceTree = "<group>"; };
		84962A4B280FA3D100078B9B /* AppDelegate.m */ = {isa = PBXFileReference; lastKnownFileType = sourcecode.c.objc; path = AppDelegate.m; sourceTree = "<group>"; };
		84962A4D280FA3D100078B9B /* SceneDelegate.h */ = {isa = PBXFileReference; lastKnownFileType = sourcecode.c.h; path = SceneDelegate.h; sourceTree = "<group>"; };
		84962A4E280FA3D100078B9B /* SceneDelegate.m */ = {isa = PBXFileReference; lastKnownFileType = sourcecode.c.objc; path = SceneDelegate.m; sourceTree = "<group>"; };
		84962A50280FA3D100078B9B /* ViewController.h */ = {isa = PBXFileReference; lastKnownFileType = sourcecode.c.h; path = ViewController.h; sourceTree = "<group>"; };
		84962A51280FA3D100078B9B /* ViewController.m */ = {isa = PBXFileReference; lastKnownFileType = sourcecode.c.objc; path = ViewController.m; sourceTree = "<group>"; };
		84962A54280FA3D100078B9B /* Base */ = {isa = PBXFileReference; lastKnownFileType = file.storyboard; name = Base; path = Base.lproj/Main.storyboard; sourceTree = "<group>"; };
		84962A56280FA3D200078B9B /* Assets.xcassets */ = {isa = PBXFileReference; lastKnownFileType = folder.assetcatalog; path = Assets.xcassets; sourceTree = "<group>"; };
		84962A59280FA3D200078B9B /* Base */ = {isa = PBXFileReference; lastKnownFileType = file.storyboard; name = Base; path = Base.lproj/LaunchScreen.storyboard; sourceTree = "<group>"; };
		84962A5B280FA3D200078B9B /* Info.plist */ = {isa = PBXFileReference; lastKnownFileType = text.plist.xml; path = Info.plist; sourceTree = "<group>"; };
		84962A5C280FA3D200078B9B /* main.m */ = {isa = PBXFileReference; lastKnownFileType = sourcecode.c.objc; path = main.m; sourceTree = "<group>"; };
		84962A62280FA3D300078B9B /* JSDemoTests.xctest */ = {isa = PBXFileReference; explicitFileType = wrapper.cfbundle; includeInIndex = 0; path = JSDemoTests.xctest; sourceTree = BUILT_PRODUCTS_DIR; };
		84962A66280FA3D300078B9B /* JSDemoTests.m */ = {isa = PBXFileReference; lastKnownFileType = sourcecode.c.objc; path = JSDemoTests.m; sourceTree = "<group>"; };
		84962A6C280FA3D300078B9B /* JSDemoUITests.xctest */ = {isa = PBXFileReference; explicitFileType = wrapper.cfbundle; includeInIndex = 0; path = JSDemoUITests.xctest; sourceTree = BUILT_PRODUCTS_DIR; };
		84962A70280FA3D300078B9B /* JSDemoUITests.m */ = {isa = PBXFileReference; lastKnownFileType = sourcecode.c.objc; path = JSDemoUITests.m; sourceTree = "<group>"; };
		84962A72280FA3D300078B9B /* JSDemoUITestsLaunchTests.m */ = {isa = PBXFileReference; lastKnownFileType = sourcecode.c.objc; path = JSDemoUITestsLaunchTests.m; sourceTree = "<group>"; };
		84962A88280FA7CC00078B9B /* js.html */ = {isa = PBXFileReference; fileEncoding = 4; lastKnownFileType = text.html; path = js.html; sourceTree = "<group>"; };
		84962A8A280FA86400078B9B /* XHWWebViewController.h */ = {isa = PBXFileReference; fileEncoding = 4; lastKnownFileType = sourcecode.c.h; path = XHWWebViewController.h; sourceTree = "<group>"; };
		84962A8B280FA86400078B9B /* XHWWebViewController.m */ = {isa = PBXFileReference; fileEncoding = 4; lastKnownFileType = sourcecode.c.objc; path = XHWWebViewController.m; sourceTree = "<group>"; };
		84962A8D280FA89100078B9B /* BNWeakScriptMessageHandlerDelegate.m */ = {isa = PBXFileReference; fileEncoding = 4; lastKnownFileType = sourcecode.c.objc; path = BNWeakScriptMessageHandlerDelegate.m; sourceTree = "<group>"; };
		84962A8E280FA89100078B9B /* BNWeakScriptMessageHandlerDelegate.h */ = {isa = PBXFileReference; fileEncoding = 4; lastKnownFileType = sourcecode.c.h; path = BNWeakScriptMessageHandlerDelegate.h; sourceTree = "<group>"; };
/* End PBXFileReference section */

/* Begin PBXFrameworksBuildPhase section */
		84962A44280FA3D100078B9B /* Frameworks */ = {
			isa = PBXFrameworksBuildPhase;
			buildActionMask = 2147483647;
			files = (
			);
			runOnlyForDeploymentPostprocessing = 0;
		};
		84962A5F280FA3D300078B9B /* Frameworks */ = {
			isa = PBXFrameworksBuildPhase;
			buildActionMask = 2147483647;
			files = (
			);
			runOnlyForDeploymentPostprocessing = 0;
		};
		84962A69280FA3D300078B9B /* Frameworks */ = {
			isa = PBXFrameworksBuildPhase;
			buildActionMask = 2147483647;
			files = (
			);
			runOnlyForDeploymentPostprocessing = 0;
		};
/* End PBXFrameworksBuildPhase section */

/* Begin PBXGroup section */
		84962A3E280FA3D100078B9B = {
			isa = PBXGroup;
			children = (
				84962A49280FA3D100078B9B /* JSDemo */,
				84962A65280FA3D300078B9B /* JSDemoTests */,
				84962A6F280FA3D300078B9B /* JSDemoUITests */,
				84962A48280FA3D100078B9B /* Products */,
			);
			sourceTree = "<group>";
		};
		84962A48280FA3D100078B9B /* Products */ = {
			isa = PBXGroup;
			children = (
				84962A47280FA3D100078B9B /* JSDemo.app */,
				84962A62280FA3D300078B9B /* JSDemoTests.xctest */,
				84962A6C280FA3D300078B9B /* JSDemoUITests.xctest */,
			);
			name = Products;
			sourceTree = "<group>";
		};
		84962A49280FA3D100078B9B /* JSDemo */ = {
			isa = PBXGroup;
			children = (
				84962A7F280FA47700078B9B /* webView */,
				84962A4A280FA3D100078B9B /* AppDelegate.h */,
				84962A4B280FA3D100078B9B /* AppDelegate.m */,
				84962A4D280FA3D100078B9B /* SceneDelegate.h */,
				84962A4E280FA3D100078B9B /* SceneDelegate.m */,
				84962A50280FA3D100078B9B /* ViewController.h */,
				84962A51280FA3D100078B9B /* ViewController.m */,
				84962A53280FA3D100078B9B /* Main.storyboard */,
				84962A56280FA3D200078B9B /* Assets.xcassets */,
				84962A58280FA3D200078B9B /* LaunchScreen.storyboard */,
				84962A5B280FA3D200078B9B /* Info.plist */,
				84962A5C280FA3D200078B9B /* main.m */,
			);
			path = JSDemo;
			sourceTree = "<group>";
		};
		84962A65280FA3D300078B9B /* JSDemoTests */ = {
			isa = PBXGroup;
			children = (
				84962A66280FA3D300078B9B /* JSDemoTests.m */,
			);
			path = JSDemoTests;
			sourceTree = "<group>";
		};
		84962A6F280FA3D300078B9B /* JSDemoUITests */ = {
			isa = PBXGroup;
			children = (
				84962A70280FA3D300078B9B /* JSDemoUITests.m */,
				84962A72280FA3D300078B9B /* JSDemoUITestsLaunchTests.m */,
			);
			path = JSDemoUITests;
			sourceTree = "<group>";
		};
		84962A7F280FA47700078B9B /* webView */ = {
			isa = PBXGroup;
			children = (
				84962A8A280FA86400078B9B /* XHWWebViewController.h */,
				84962A8B280FA86400078B9B /* XHWWebViewController.m */,
				84962A88280FA7CC00078B9B /* js.html */,
				84962A8E280FA89100078B9B /* BNWeakScriptMessageHandlerDelegate.h */,
				84962A8D280FA89100078B9B /* BNWeakScriptMessageHandlerDelegate.m */,
			);
			path = webView;
			sourceTree = "<group>";
		};
/* End PBXGroup section */

/* Begin PBXNativeTarget section */
		84962A46280FA3D100078B9B /* JSDemo */ = {
			isa = PBXNativeTarget;
			buildConfigurationList = 84962A76280FA3D300078B9B /* Build configuration list for PBXNativeTarget "JSDemo" */;
			buildPhases = (
				84962A43280FA3D100078B9B /* Sources */,
				84962A44280FA3D100078B9B /* Frameworks */,
				84962A45280FA3D100078B9B /* Resources */,
			);
			buildRules = (
			);
			dependencies = (
			);
			name = JSDemo;
			productName = JSDemo;
			productReference = 84962A47280FA3D100078B9B /* JSDemo.app */;
			productType = "com.apple.product-type.application";
		};
		84962A61280FA3D300078B9B /* JSDemoTests */ = {
			isa = PBXNativeTarget;
			buildConfigurationList = 84962A79280FA3D300078B9B /* Build configuration list for PBXNativeTarget "JSDemoTests" */;
			buildPhases = (
				84962A5E280FA3D300078B9B /* Sources */,
				84962A5F280FA3D300078B9B /* Frameworks */,
				84962A60280FA3D300078B9B /* Resources */,
			);
			buildRules = (
			);
			dependencies = (
				84962A64280FA3D300078B9B /* PBXTargetDependency */,
			);
			name = JSDemoTests;
			productName = JSDemoTests;
			productReference = 84962A62280FA3D300078B9B /* JSDemoTests.xctest */;
			productType = "com.apple.product-type.bundle.unit-test";
		};
		84962A6B280FA3D300078B9B /* JSDemoUITests */ = {
			isa = PBXNativeTarget;
			buildConfigurationList = 84962A7C280FA3D300078B9B /* Build configuration list for PBXNativeTarget "JSDemoUITests" */;
			buildPhases = (
				84962A68280FA3D300078B9B /* Sources */,
				84962A69280FA3D300078B9B /* Frameworks */,
				84962A6A280FA3D300078B9B /* Resources */,
			);
			buildRules = (
			);
			dependencies = (
				84962A6E280FA3D300078B9B /* PBXTargetDependency */,
			);
			name = JSDemoUITests;
			productName = JSDemoUITests;
			productReference = 84962A6C280FA3D300078B9B /* JSDemoUITests.xctest */;
			productType = "com.apple.product-type.bundle.ui-testing";
		};
/* End PBXNativeTarget section */

/* Begin PBXProject section */
		84962A3F280FA3D100078B9B /* Project object */ = {
			isa = PBXProject;
			attributes = {
				BuildIndependentTargetsInParallel = 1;
				LastUpgradeCheck = 1320;
				TargetAttributes = {
					84962A46280FA3D100078B9B = {
						CreatedOnToolsVersion = 13.2.1;
					};
					84962A61280FA3D300078B9B = {
						CreatedOnToolsVersion = 13.2.1;
						TestTargetID = 84962A46280FA3D100078B9B;
					};
					84962A6B280FA3D300078B9B = {
						CreatedOnToolsVersion = 13.2.1;
						TestTargetID = 84962A46280FA3D100078B9B;
					};
				};
			};
			buildConfigurationList = 84962A42280FA3D100078B9B /* Build configuration list for PBXProject "JSDemo" */;
			compatibilityVersion = "Xcode 13.0";
			developmentRegion = en;
			hasScannedForEncodings = 0;
			knownRegions = (
				en,
				Base,
			);
			mainGroup = 84962A3E280FA3D100078B9B;
			productRefGroup = 84962A48280FA3D100078B9B /* Products */;
			projectDirPath = "";
			projectRoot = "";
			targets = (
				84962A46280FA3D100078B9B /* JSDemo */,
				84962A61280FA3D300078B9B /* JSDemoTests */,
				84962A6B280FA3D300078B9B /* JSDemoUITests */,
			);
		};
/* End PBXProject section */

/* Begin PBXResourcesBuildPhase section */
		84962A45280FA3D100078B9B /* Resources */ = {
			isa = PBXResourcesBuildPhase;
			buildActionMask = 2147483647;
			files = (
				84962A5A280FA3D200078B9B /* LaunchScreen.storyboard in Resources */,
				84962A57280FA3D200078B9B /* Assets.xcassets in Resources */,
				84962A55280FA3D100078B9B /* Main.storyboard in Resources */,
				84962A89280FA7CC00078B9B /* js.html in Resources */,
			);
			runOnlyForDeploymentPostprocessing = 0;
		};
		84962A60280FA3D300078B9B /* Resources */ = {
			isa = PBXResourcesBuildPhase;
			buildActionMask = 2147483647;
			files = (
			);
			runOnlyForDeploymentPostprocessing = 0;
		};
		84962A6A280FA3D300078B9B /* Resources */ = {
			isa = PBXResourcesBuildPhase;
			buildActionMask = 2147483647;
			files = (
			);
			runOnlyForDeploymentPostprocessing = 0;
		};
/* End PBXResourcesBuildPhase section */

/* Begin PBXSourcesBuildPhase section */
		84962A43280FA3D100078B9B /* Sources */ = {
			isa = PBXSourcesBuildPhase;
			buildActionMask = 2147483647;
			files = (
				84962A52280FA3D100078B9B /* ViewController.m in Sources */,
				84962A4C280FA3D100078B9B /* AppDelegate.m in Sources */,
				84962A8F280FA89100078B9B /* BNWeakScriptMessageHandlerDelegate.m in Sources */,
				84962A5D280FA3D200078B9B /* main.m in Sources */,
				84962A8C280FA86400078B9B /* XHWWebViewController.m in Sources */,
				84962A4F280FA3D100078B9B /* SceneDelegate.m in Sources */,
			);
			runOnlyForDeploymentPostprocessing = 0;
		};
		84962A5E280FA3D300078B9B /* Sources */ = {
			isa = PBXSourcesBuildPhase;
			buildActionMask = 2147483647;
			files = (
				84962A67280FA3D300078B9B /* JSDemoTests.m in Sources */,
			);
			runOnlyForDeploymentPostprocessing = 0;
		};
		84962A68280FA3D300078B9B /* Sources */ = {
			isa = PBXSourcesBuildPhase;
			buildActionMask = 2147483647;
			files = (
				84962A73280FA3D300078B9B /* JSDemoUITestsLaunchTests.m in Sources */,
				84962A71280FA3D300078B9B /* JSDemoUITests.m in Sources */,
			);
			runOnlyForDeploymentPostprocessing = 0;
		};
/* End PBXSourcesBuildPhase section */

/* Begin PBXTargetDependency section */
		84962A64280FA3D300078B9B /* PBXTargetDependency */ = {
			isa = PBXTargetDependency;
			target = 84962A46280FA3D100078B9B /* JSDemo */;
			targetProxy = 84962A63280FA3D300078B9B /* PBXContainerItemProxy */;
		};
		84962A6E280FA3D300078B9B /* PBXTargetDependency */ = {
			isa = PBXTargetDependency;
			target = 84962A46280FA3D100078B9B /* JSDemo */;
			targetProxy = 84962A6D280FA3D300078B9B /* PBXContainerItemProxy */;
		};
/* End PBXTargetDependency section */

/* Begin PBXVariantGroup section */
		84962A53280FA3D100078B9B /* Main.storyboard */ = {
			isa = PBXVariantGroup;
			children = (
				84962A54280FA3D100078B9B /* Base */,
			);
			name = Main.storyboard;
			sourceTree = "<group>";
		};
		84962A58280FA3D200078B9B /* LaunchScreen.storyboard */ = {
			isa = PBXVariantGroup;
			children = (
				84962A59280FA3D200078B9B /* Base */,
			);
			name = LaunchScreen.storyboard;
			sourceTree = "<group>";
		};
/* End PBXVariantGroup section */

/* Begin XCBuildConfiguration section */
		84962A74280FA3D300078B9B /* Debug */ = {
			isa = XCBuildConfiguration;
			buildSettings = {
				ALWAYS_SEARCH_USER_PATHS = NO;
				CLANG_ANALYZER_NONNULL = YES;
				CLANG_ANALYZER_NUMBER_OBJECT_CONVERSION = YES_AGGRESSIVE;
				CLANG_CXX_LANGUAGE_STANDARD = "gnu++17";
				CLANG_CXX_LIBRARY = "libc++";
				CLANG_ENABLE_MODULES = YES;
				CLANG_ENABLE_OBJC_ARC = YES;
				CLANG_ENABLE_OBJC_WEAK = YES;
				CLANG_WARN_BLOCK_CAPTURE_AUTORELEASING = YES;
				CLANG_WARN_BOOL_CONVERSION = YES;
				CLANG_WARN_COMMA = YES;
				CLANG_WARN_CONSTANT_CONVERSION = YES;
				CLANG_WARN_DEPRECATED_OBJC_IMPLEMENTATIONS = YES;
				CLANG_WARN_DIRECT_OBJC_ISA_USAGE = YES_ERROR;
				CLANG_WARN_DOCUMENTATION_COMMENTS = YES;
				CLANG_WARN_EMPTY_BODY = YES;
				CLANG_WARN_ENUM_CONVERSION = YES;
				CLANG_WARN_INFINITE_RECURSION = YES;
				CLANG_WARN_INT_CONVERSION = YES;
				CLANG_WARN_NON_LITERAL_NULL_CONVERSION = YES;
				CLANG_WARN_OBJC_IMPLICIT_RETAIN_SELF = YES;
				CLANG_WARN_OBJC_LITERAL_CONVERSION = YES;
				CLANG_WARN_OBJC_ROOT_CLASS = YES_ERROR;
				CLANG_WARN_QUOTED_INCLUDE_IN_FRAMEWORK_HEADER = YES;
				CLANG_WARN_RANGE_LOOP_ANALYSIS = YES;
				CLANG_WARN_STRICT_PROTOTYPES = YES;
				CLANG_WARN_SUSPICIOUS_MOVE = YES;
				CLANG_WARN_UNGUARDED_AVAILABILITY = YES_AGGRESSIVE;
				CLANG_WARN_UNREACHABLE_CODE = YES;
				CLANG_WARN__DUPLICATE_METHOD_MATCH = YES;
				COPY_PHASE_STRIP = NO;
				DEBUG_INFORMATION_FORMAT = dwarf;
				ENABLE_STRICT_OBJC_MSGSEND = YES;
				ENABLE_TESTABILITY = YES;
				GCC_C_LANGUAGE_STANDARD = gnu11;
				GCC_DYNAMIC_NO_PIC = NO;
				GCC_NO_COMMON_BLOCKS = YES;
				GCC_OPTIMIZATION_LEVEL = 0;
				GCC_PREPROCESSOR_DEFINITIONS = (
					"DEBUG=1",
					"$(inherited)",
				);
				GCC_WARN_64_TO_32_BIT_CONVERSION = YES;
				GCC_WARN_ABOUT_RETURN_TYPE = YES_ERROR;
				GCC_WARN_UNDECLARED_SELECTOR = YES;
				GCC_WARN_UNINITIALIZED_AUTOS = YES_AGGRESSIVE;
				GCC_WARN_UNUSED_FUNCTION = YES;
				GCC_WARN_UNUSED_VARIABLE = YES;
				IPHONEOS_DEPLOYMENT_TARGET = 15.2;
				MTL_ENABLE_DEBUG_INFO = INCLUDE_SOURCE;
				MTL_FAST_MATH = YES;
				ONLY_ACTIVE_ARCH = YES;
				SDKROOT = iphoneos;
			};
			name = Debug;
		};
		84962A75280FA3D300078B9B /* Release */ = {
			isa = XCBuildConfiguration;
			buildSettings = {
				ALWAYS_SEARCH_USER_PATHS = NO;
				CLANG_ANALYZER_NONNULL = YES;
				CLANG_ANALYZER_NUMBER_OBJECT_CONVERSION = YES_AGGRESSIVE;
				CLANG_CXX_LANGUAGE_STANDARD = "gnu++17";
				CLANG_CXX_LIBRARY = "libc++";
				CLANG_ENABLE_MODULES = YES;
				CLANG_ENABLE_OBJC_ARC = YES;
				CLANG_ENABLE_OBJC_WEAK = YES;
				CLANG_WARN_BLOCK_CAPTURE_AUTORELEASING = YES;
				CLANG_WARN_BOOL_CONVERSION = YES;
				CLANG_WARN_COMMA = YES;
				CLANG_WARN_CONSTANT_CONVERSION = YES;
				CLANG_WARN_DEPRECATED_OBJC_IMPLEMENTATIONS = YES;
				CLANG_WARN_DIRECT_OBJC_ISA_USAGE = YES_ERROR;
				CLANG_WARN_DOCUMENTATION_COMMENTS = YES;
				CLANG_WARN_EMPTY_BODY = YES;
				CLANG_WARN_ENUM_CONVERSION = YES;
				CLANG_WARN_INFINITE_RECURSION = YES;
				CLANG_WARN_INT_CONVERSION = YES;
				CLANG_WARN_NON_LITERAL_NULL_CONVERSION = YES;
				CLANG_WARN_OBJC_IMPLICIT_RETAIN_SELF = YES;
				CLANG_WARN_OBJC_LITERAL_CONVERSION = YES;
				CLANG_WARN_OBJC_ROOT_CLASS = YES_ERROR;
				CLANG_WARN_QUOTED_INCLUDE_IN_FRAMEWORK_HEADER = YES;
				CLANG_WARN_RANGE_LOOP_ANALYSIS = YES;
				CLANG_WARN_STRICT_PROTOTYPES = YES;
				CLANG_WARN_SUSPICIOUS_MOVE = YES;
				CLANG_WARN_UNGUARDED_AVAILABILITY = YES_AGGRESSIVE;
				CLANG_WARN_UNREACHABLE_CODE = YES;
				CLANG_WARN__DUPLICATE_METHOD_MATCH = YES;
				COPY_PHASE_STRIP = NO;
				DEBUG_INFORMATION_FORMAT = "dwarf-with-dsym";
				ENABLE_NS_ASSERTIONS = NO;
				ENABLE_STRICT_OBJC_MSGSEND = YES;
				GCC_C_LANGUAGE_STANDARD = gnu11;
				GCC_NO_COMMON_BLOCKS = YES;
				GCC_WARN_64_TO_32_BIT_CONVERSION = YES;
				GCC_WARN_ABOUT_RETURN_TYPE = YES_ERROR;
				GCC_WARN_UNDECLARED_SELECTOR = YES;
				GCC_WARN_UNINITIALIZED_AUTOS = YES_AGGRESSIVE;
				GCC_WARN_UNUSED_FUNCTION = YES;
				GCC_WARN_UNUSED_VARIABLE = YES;
				IPHONEOS_DEPLOYMENT_TARGET = 15.2;
				MTL_ENABLE_DEBUG_INFO = NO;
				MTL_FAST_MATH = YES;
				SDKROOT = iphoneos;
				VALIDATE_PRODUCT = YES;
			};
			name = Release;
		};
		84962A77280FA3D300078B9B /* Debug */ = {
			isa = XCBuildConfiguration;
			buildSettings = {
				ASSETCATALOG_COMPILER_APPICON_NAME = AppIcon;
				ASSETCATALOG_COMPILER_GLOBAL_ACCENT_COLOR_NAME = AccentColor;
				CODE_SIGN_STYLE = Automatic;
				CURRENT_PROJECT_VERSION = 1;
				DEVELOPMENT_TEAM = DHR8ACT4J8;
				GENERATE_INFOPLIST_FILE = YES;
				INFOPLIST_FILE = JSDemo/Info.plist;
				INFOPLIST_KEY_UIApplicationSupportsIndirectInputEvents = YES;
				INFOPLIST_KEY_UILaunchStoryboardName = LaunchScreen;
				INFOPLIST_KEY_UIMainStoryboardFile = Main;
				INFOPLIST_KEY_UISupportedInterfaceOrientations_iPad = "UIInterfaceOrientationPortrait UIInterfaceOrientationPortraitUpsideDown UIInterfaceOrientationLandscapeLeft UIInterfaceOrientationLandscapeRight";
				INFOPLIST_KEY_UISupportedInterfaceOrientations_iPhone = "UIInterfaceOrientationPortrait UIInterfaceOrientationLandscapeLeft UIInterfaceOrientationLandscapeRight";
				IPHONEOS_DEPLOYMENT_TARGET = 12.0;
				LD_RUNPATH_SEARCH_PATHS = (
					"$(inherited)",
					"@executable_path/Frameworks",
				);
				MARKETING_VERSION = 1.0;
				PRODUCT_BUNDLE_IDENTIFIER = com.yiben.comic.JSDemo;
				PRODUCT_NAME = "$(TARGET_NAME)";
				SWIFT_EMIT_LOC_STRINGS = YES;
				TARGETED_DEVICE_FAMILY = "1,2";
			};
			name = Debug;
		};
		84962A78280FA3D300078B9B /* Release */ = {
			isa = XCBuildConfiguration;
			buildSettings = {
				ASSETCATALOG_COMPILER_APPICON_NAME = AppIcon;
				ASSETCATALOG_COMPILER_GLOBAL_ACCENT_COLOR_NAME = AccentColor;
				CODE_SIGN_STYLE = Automatic;
				CURRENT_PROJECT_VERSION = 1;
				DEVELOPMENT_TEAM = DHR8ACT4J8;
				GENERATE_INFOPLIST_FILE = YES;
				INFOPLIST_FILE = JSDemo/Info.plist;
				INFOPLIST_KEY_UIApplicationSupportsIndirectInputEvents = YES;
				INFOPLIST_KEY_UILaunchStoryboardName = LaunchScreen;
				INFOPLIST_KEY_UIMainStoryboardFile = Main;
				INFOPLIST_KEY_UISupportedInterfaceOrientations_iPad = "UIInterfaceOrientationPortrait UIInterfaceOrientationPortraitUpsideDown UIInterfaceOrientationLandscapeLeft UIInterfaceOrientationLandscapeRight";
				INFOPLIST_KEY_UISupportedInterfaceOrientations_iPhone = "UIInterfaceOrientationPortrait UIInterfaceOrientationLandscapeLeft UIInterfaceOrientationLandscapeRight";
				IPHONEOS_DEPLOYMENT_TARGET = 12.0;
				LD_RUNPATH_SEARCH_PATHS = (
					"$(inherited)",
					"@executable_path/Frameworks",
				);
				MARKETING_VERSION = 1.0;
				PRODUCT_BUNDLE_IDENTIFIER = com.yiben.comic.JSDemo;
				PRODUCT_NAME = "$(TARGET_NAME)";
				SWIFT_EMIT_LOC_STRINGS = YES;
				TARGETED_DEVICE_FAMILY = "1,2";
			};
			name = Release;
		};
		84962A7A280FA3D300078B9B /* Debug */ = {
			isa = XCBuildConfiguration;
			buildSettings = {
				BUNDLE_LOADER = "$(TEST_HOST)";
				CODE_SIGN_STYLE = Automatic;
				CURRENT_PROJECT_VERSION = 1;
				DEVELOPMENT_TEAM = DHR8ACT4J8;
				GENERATE_INFOPLIST_FILE = YES;
				IPHONEOS_DEPLOYMENT_TARGET = 15.2;
				MARKETING_VERSION = 1.0;
				PRODUCT_BUNDLE_IDENTIFIER = com.yiben.comic.JSDemoTests;
				PRODUCT_NAME = "$(TARGET_NAME)";
				SWIFT_EMIT_LOC_STRINGS = NO;
				TARGETED_DEVICE_FAMILY = "1,2";
				TEST_HOST = "$(BUILT_PRODUCTS_DIR)/JSDemo.app/JSDemo";
			};
			name = Debug;
		};
		84962A7B280FA3D300078B9B /* Release */ = {
			isa = XCBuildConfiguration;
			buildSettings = {
				BUNDLE_LOADER = "$(TEST_HOST)";
				CODE_SIGN_STYLE = Automatic;
				CURRENT_PROJECT_VERSION = 1;
				DEVELOPMENT_TEAM = DHR8ACT4J8;
				GENERATE_INFOPLIST_FILE = YES;
				IPHONEOS_DEPLOYMENT_TARGET = 15.2;
				MARKETING_VERSION = 1.0;
				PRODUCT_BUNDLE_IDENTIFIER = com.yiben.comic.JSDemoTests;
				PRODUCT_NAME = "$(TARGET_NAME)";
				SWIFT_EMIT_LOC_STRINGS = NO;
				TARGETED_DEVICE_FAMILY = "1,2";
				TEST_HOST = "$(BUILT_PRODUCTS_DIR)/JSDemo.app/JSDemo";
			};
			name = Release;
		};
		84962A7D280FA3D300078B9B /* Debug */ = {
			isa = XCBuildConfiguration;
			buildSettings = {
				CODE_SIGN_STYLE = Automatic;
				CURRENT_PROJECT_VERSION = 1;
				DEVELOPMENT_TEAM = DHR8ACT4J8;
				GENERATE_INFOPLIST_FILE = YES;
				MARKETING_VERSION = 1.0;
				PRODUCT_BUNDLE_IDENTIFIER = com.yiben.comic.JSDemoUITests;
				PRODUCT_NAME = "$(TARGET_NAME)";
				SWIFT_EMIT_LOC_STRINGS = NO;
				TARGETED_DEVICE_FAMILY = "1,2";
				TEST_TARGET_NAME = JSDemo;
			};
			name = Debug;
		};
		84962A7E280FA3D300078B9B /* Release */ = {
			isa = XCBuildConfiguration;
			buildSettings = {
				CODE_SIGN_STYLE = Automatic;
				CURRENT_PROJECT_VERSION = 1;
				DEVELOPMENT_TEAM = DHR8ACT4J8;
				GENERATE_INFOPLIST_FILE = YES;
				MARKETING_VERSION = 1.0;
				PRODUCT_BUNDLE_IDENTIFIER = com.yiben.comic.JSDemoUITests;
				PRODUCT_NAME = "$(TARGET_NAME)";
				SWIFT_EMIT_LOC_STRINGS = NO;
				TARGETED_DEVICE_FAMILY = "1,2";
				TEST_TARGET_NAME = JSDemo;
			};
			name = Release;
		};
/* End XCBuildConfiguration section */

/* Begin XCConfigurationList section */
		84962A42280FA3D100078B9B /* Build configuration list for PBXProject "JSDemo" */ = {
			isa = XCConfigurationList;
			buildConfigurations = (
				84962A74280FA3D300078B9B /* Debug */,
				84962A75280FA3D300078B9B /* Release */,
			);
			defaultConfigurationIsVisible = 0;
			defaultConfigurationName = Release;
		};
		84962A76280FA3D300078B9B /* Build configuration list for PBXNativeTarget "JSDemo" */ = {
			isa = XCConfigurationList;
			buildConfigurations = (
				84962A77280FA3D300078B9B /* Debug */,
				84962A78280FA3D300078B9B /* Release */,
			);
			defaultConfigurationIsVisible = 0;
			defaultConfigurationName = Release;
		};
		84962A79280FA3D300078B9B /* Build configuration list for PBXNativeTarget "JSDemoTests" */ = {
			isa = XCConfigurationList;
			buildConfigurations = (
				84962A7A280FA3D300078B9B /* Debug */,
				84962A7B280FA3D300078B9B /* Release */,
			);
			defaultConfigurationIsVisible = 0;
			defaultConfigurationName = Release;
		};
		84962A7C280FA3D300078B9B /* Build configuration list for PBXNativeTarget "JSDemoUITests" */ = {
			isa = XCConfigurationList;
			buildConfigurations = (
				84962A7D280FA3D300078B9B /* Debug */,
				84962A7E280FA3D300078B9B /* Release */,
			);
			defaultConfigurationIsVisible = 0;
			defaultConfigurationName = Release;
		};
/* End XCConfigurationList section */
	};
	rootObject = 84962A3F280FA3D100078B9B /* Project object */;
}
